
Microsoft Visual Studio Solution File, Format Version 12.00
# Visual Studio Version 17
VisualStudioVersion = 17.9.34728.123
MinimumVisualStudioVersion = 10.0.40219.1
Project("{8BC9CEB8-8B4A-11D0-8D11-00A0C91BC942}") = "MineSweeper", "MineSweeper.vcxproj", "{4F88C4CD-3092-407D-B311-3E3C216796FE}"
EndProject
Global
	GlobalSection(SolutionConfigurationPlatforms) = preSolution
		Debug|x64 = Debug|x64
		Debug|x86 = Debug|x86
		Release|x64 = Release|x64
		Release|x86 = Release|x86
	EndGlobalSection
	GlobalSection(ProjectConfigurationPlatforms) = postSolution
		{4F88C4CD-3092-407D-B311-3E3C216796FE}.Debug|x64.ActiveCfg = Debug|x64
		{4F88C4CD-3092-407D-B311-3E3C216796FE}.Debug|x64.Build.0 = Debug|x64
		{4F88C4CD-3092-407D-B311-3E3C216796FE}.Debug|x86.ActiveCfg = Debug|Win32
		{4F88C4CD-3092-407D-B311-3E3C216796FE}.Debug|x86.Build.0 = Debug|Win32
		{4F88C4CD-3092-407D-B311-3E3C216796FE}.Release|x64.ActiveCfg = Release|x64
		{4F88C4CD-3092-407D-B311-3E3C216796FE}.Release|x64.Build.0 = Release|x64
		{4F88C4CD-3092-407D-B311-3E3C216796FE}.Release|x86.ActiveCfg = Release|Win32
		{4F88C4CD-3092-407D-B311-3E3C216796FE}.Release|x86.Build.0 = Release|Win32
	EndGlobalSection
	GlobalSection(SolutionProperties) = preSolution
		HideSolutionNode = FALSE
	EndGlobalSection
	GlobalSection(ExtensibilityGlobals) = postSolution
		SolutionGuid = {B6873CCD-4B41-42D0-B7A9-04BF522F756E}
	EndGlobalSection
EndGlobal
